
Microsoft Visual Studio Solution File, Format Version 12.00
# Visual Studio Version 16
VisualStudioVersion = 16.0.808.1
MinimumVisualStudioVersion = 10.0.40219.1
Project("{FAE04EC0-301F-11D3-BF4B-00C04F79EFBC}") = "HelloWorld", "HelloWorld\HelloWorld.csproj", "{E98542E5-CD1B-46FD-BA79-DF3218711C6C}"
EndProject
Global
	GlobalSection(SolutionConfigurationPlatforms) = preSolution
		Debug|anycpu = Debug|anycpu
		Release|anycpu = Release|anycpu
	EndGlobalSection
	GlobalSection(ProjectConfigurationPlatforms) = postSolution
		{E98542E5-CD1B-46FD-BA79-DF3218711C6C}.Debug|anycpu.ActiveCfg = Debug|anycpu
		{E98542E5-CD1B-46FD-BA79-DF3218711C6C}.Debug|anycpu.Build.0 = Debug|anycpu
		{E98542E5-CD1B-46FD-BA79-DF3218711C6C}.Release|anycpu.ActiveCfg = Release|anycpu
		{E98542E5-CD1B-46FD-BA79-DF3218711C6C}.Release|anycpu.Build.0 = Release|anycpu
	EndGlobalSection
	GlobalSection(SolutionProperties) = preSolution
		HideSolutionNode = FALSE
	EndGlobalSection
	GlobalSection(ExtensibilityGlobals) = postSolution
		SolutionGuid = {9DC79385-A894-4DC2-84E9-937B0818793D}
	EndGlobalSection
EndGlobal
